PODS:
  - Flutter (1.0.0)
  - webview_cookie_manager_flutter (0.0.1):
    - Flutter

DEPENDENCIES:
  - Flutter (from `Flutter`)
  - webview_cookie_manager_flutter (from `.symlinks/plugins/webview_cookie_manager_flutter/ios`)

EXTERNAL SOURCES:
  Flutter:
    :path: Flutter
  webview_cookie_manager_flutter:
    :path: ".symlinks/plugins/webview_cookie_manager_flutter/ios"

SPEC CHECKSUMS:
  Flutter: 71a624a5bc0c04062bf19101d501e466baf2fb47
  webview_cookie_manager_flutter: 4db8436855b350f481e2991ee44cda37d4d1a4ab

PODFILE CHECKSUM: 08754e900cb390670e3cb4cf3c3d7adc1699d401

COCOAPODS: 1.17.0
